
Microsoft Visual Studio Solution File, Format Version 12.00
# Visual Studio Version 16
VisualStudioVersion = 16.0.30621.155
MinimumVisualStudioVersion = 10.0.40219.1
Project("{8BC9CEB8-8B4A-11D0-8D11-00A0C91BC942}") = "JonTest", "JonTest.vcxproj", "{5B4E59CE-F5E4-4F20-B894-A5BB2A1DA43F}"
EndProject
Global
	GlobalSection(SolutionConfigurationPlatforms) = preSolution
		Debug|x64 = Debug|x64
		Debug|x86 = Debug|x86
		Release|x64 = Release|x64
		Release|x86 = Release|x86
	EndGlobalSection
	GlobalSection(ProjectConfigurationPlatforms) = postSolution
		{5B4E59CE-F5E4-4F20-B894-A5BB2A1DA43F}.Debug|x64.ActiveCfg = Debug|x64
		{5B4E59CE-F5E4-4F20-B894-A5BB2A1DA43F}.Debug|x64.Build.0 = Debug|x64
		{5B4E59CE-F5E4-4F20-B894-A5BB2A1DA43F}.Debug|x86.ActiveCfg = Debug|Win32
		{5B4E59CE-F5E4-4F20-B894-A5BB2A1DA43F}.Debug|x86.Build.0 = Debug|Win32
		{5B4E59CE-F5E4-4F20-B894-A5BB2A1DA43F}.Release|x64.ActiveCfg = Release|x64
		{5B4E59CE-F5E4-4F20-B894-A5BB2A1DA43F}.Release|x64.Build.0 = Release|x64
		{5B4E59CE-F5E4-4F20-B894-A5BB2A1DA43F}.Release|x86.ActiveCfg = Release|Win32
		{5B4E59CE-F5E4-4F20-B894-A5BB2A1DA43F}.Release|x86.Build.0 = Release|Win32
	EndGlobalSection
	GlobalSection(SolutionProperties) = preSolution
		HideSolutionNode = FALSE
	EndGlobalSection
	GlobalSection(ExtensibilityGlobals) = postSolution
		SolutionGuid = {B64C59C0-6026-474A-BF5F-451771361686}
	EndGlobalSection
EndGlobal
